
Microsoft Visual Studio Solution File, Format Version 12.00
# Visual Studio Version 16
VisualStudioVersion = 16.0.30320.27
MinimumVisualStudioVersion = 10.0.40219.1
Project("{FAE04EC0-301F-11D3-BF4B-00C04F79EFBC}") = "FIT5032_week7", "FIT5032_week7.csproj", "{B4CA523D-F976-49CE-8CA8-6ED653CD6062}"
EndProject
Global
	GlobalSection(SolutionConfigurationPlatforms) = preSolution
		Debug|Any CPU = Debug|Any CPU
		Release|Any CPU = Release|Any CPU
	EndGlobalSection
	GlobalSection(ProjectConfigurationPlatforms) = postSolution
		{B4CA523D-F976-49CE-8CA8-6ED653CD6062}.Debug|Any CPU.ActiveCfg = Debug|Any CPU
		{B4CA523D-F976-49CE-8CA8-6ED653CD6062}.Debug|Any CPU.Build.0 = Debug|Any CPU
		{B4CA523D-F976-49CE-8CA8-6ED653CD6062}.Release|Any CPU.ActiveCfg = Release|Any CPU
		{B4CA523D-F976-49CE-8CA8-6ED653CD6062}.Release|Any CPU.Build.0 = Release|Any CPU
	EndGlobalSection
	GlobalSection(SolutionProperties) = preSolution
		HideSolutionNode = FALSE
	EndGlobalSection
	GlobalSection(ExtensibilityGlobals) = postSolution
		SolutionGuid = {99B5119A-5077-4753-ADB2-497963D6868F}
	EndGlobalSection
EndGlobal
